
Microsoft Visual Studio Solution File, Format Version 12.00
# Visual Studio Version 17
VisualStudioVersion = 17.6.33829.357
MinimumVisualStudioVersion = 10.0.40219.1
Project("{FAE04EC0-301F-11D3-BF4B-00C04F79EFBC}") = "API_Dapper", "API_Dapper\API_Dapper.csproj", "{C792EF13-BB8C-4A85-96B0-8A870F027609}"
EndProject
Global
	GlobalSection(SolutionConfigurationPlatforms) = preSolution
		Debug|Any CPU = Debug|Any CPU
		Release|Any CPU = Release|Any CPU
	EndGlobalSection
	GlobalSection(ProjectConfigurationPlatforms) = postSolution
		{C792EF13-BB8C-4A85-96B0-8A870F027609}.Debug|Any CPU.ActiveCfg = Debug|Any CPU
		{C792EF13-BB8C-4A85-96B0-8A870F027609}.Debug|Any CPU.Build.0 = Debug|Any CPU
		{C792EF13-BB8C-4A85-96B0-8A870F027609}.Release|Any CPU.ActiveCfg = Release|Any CPU
		{C792EF13-BB8C-4A85-96B0-8A870F027609}.Release|Any CPU.Build.0 = Release|Any CPU
	EndGlobalSection
	GlobalSection(SolutionProperties) = preSolution
		HideSolutionNode = FALSE
	EndGlobalSection
	GlobalSection(ExtensibilityGlobals) = postSolution
		SolutionGuid = {8DF04F3C-D1F1-46AC-998D-9B048A2C2457}
	EndGlobalSection
EndGlobal
